// !$*UTF8*$!
{
	archiveVersion = 1;
	classes = {
	};
	objectVersion = 56;
	objects = {

/* Begin PBXBuildFile section */
		FB4F1A3628F60D8000F3F9C3 /* FacebookApp.swift in Sources */ = {isa = PBXBuildFile; fileRef = FB4F1A3528F60D8000F3F9C3 /* FacebookApp.swift */; };
		FB4F1A3828F60D8000F3F9C3 /* ContentView.swift in Sources */ = {isa = PBXBuildFile; fileRef = FB4F1A3728F60D8000F3F9C3 /* ContentView.swift */; };
		FB4F1A3A28F60D8100F3F9C3 /* Assets.xcassets in Resources */ = {isa = PBXBuildFile; fileRef = FB4F1A3928F60D8100F3F9C3 /* Assets.xcassets */; };
		FB4F1A3D28F60D8100F3F9C3 /* Preview Assets.xcassets in Resources */ = {isa = PBXBuildFile; fileRef = FB4F1A3C28F60D8100F3F9C3 /* Preview Assets.xcassets */; };
		FB4F1A4728F60D8200F3F9C3 /* FacebookTests.swift in Sources */ = {isa = PBXBuildFile; fileRef = FB4F1A4628F60D8200F3F9C3 /* FacebookTests.swift */; };
		FB4F1A5128F60D8200F3F9C3 /* FacebookUITests.swift in Sources */ = {isa = PBXBuildFile; fileRef = FB4F1A5028F60D8200F3F9C3 /* FacebookUITests.swift */; };
		FB4F1A5328F60D8200F3F9C3 /* FacebookUITestsLaunchTests.swift in Sources */ = {isa = PBXBuildFile; fileRef = FB4F1A5228F60D8200F3F9C3 /* FacebookUITestsLaunchTests.swift */; };
/* End PBXBuildFile section */

/* Begin PBXContainerItemProxy section */
		FB4F1A4328F60D8200F3F9C3 /* PBXContainerItemProxy */ = {
			isa = PBXContainerItemProxy;
			containerPortal = FB4F1A2A28F60D8000F3F9C3 /* Project object */;
			proxyType = 1;
			remoteGlobalIDString = FB4F1A3128F60D8000F3F9C3;
			remoteInfo = Facebook;
		};
		FB4F1A4D28F60D8200F3F9C3 /* PBXContainerItemProxy */ = {
			isa = PBXContainerItemProxy;
			containerPortal = FB4F1A2A28F60D8000F3F9C3 /* Project object */;
			proxyType = 1;
			remoteGlobalIDString = FB4F1A3128F60D8000F3F9C3;
			remoteInfo = Facebook;
		};
/* End PBXContainerItemProxy section */

/* Begin PBXFileReference section */
		FB4F1A3228F60D8000F3F9C3 /* Facebook.app */ = {isa = PBXFileReference; explicitFileType = wrapper.application; includeInIndex = 0; path = Facebook.app; sourceTree = BUILT_PRODUCTS_DIR; };
		FB4F1A3528F60D8000F3F9C3 /* FacebookApp.swift */ = {isa = PBXFileReference; lastKnownFileType = sourcecode.swift; path = FacebookApp.swift; sourceTree = "<group>"; };
		FB4F1A3728F60D8000F3F9C3 /* ContentView.swift */ = {isa = PBXFileReference; lastKnownFileType = sourcecode.swift; path = ContentView.swift; sourceTree = "<group>"; };
		FB4F1A3928F60D8100F3F9C3 /* Assets.xcassets */ = {isa = PBXFileReference; lastKnownFileType = folder.assetcatalog; path = Assets.xcassets; sourceTree = "<group>"; };
		FB4F1A3C28F60D8100F3F9C3 /* Preview Assets.xcassets */ = {isa = PBXFileReference; lastKnownFileType = folder.assetcatalog; path = "Preview Assets.xcassets"; sourceTree = "<group>"; };
		FB4F1A4228F60D8200F3F9C3 /* FacebookTests.xctest */ = {isa = PBXFileReference; explicitFileType = wrapper.cfbundle; includeInIndex = 0; path = FacebookTests.xctest; sourceTree = BUILT_PRODUCTS_DIR; };
		FB4F1A4628F60D8200F3F9C3 /* FacebookTests.swift */ = {isa = PBXFileReference; lastKnownFileType = sourcecode.swift; path = FacebookTests.swift; sourceTree = "<group>"; };
		FB4F1A4C28F60D8200F3F9C3 /* FacebookUITests.xctest */ = {isa = PBXFileReference; explicitFileType = wrapper.cfbundle; includeInIndex = 0; path = FacebookUITests.xctest; sourceTree = BUILT_PRODUCTS_DIR; };
		FB4F1A5028F60D8200F3F9C3 /* FacebookUITests.swift */ = {isa = PBXFileReference; lastKnownFileType = sourcecode.swift; path = FacebookUITests.swift; sourceTree = "<group>"; };
		FB4F1A5228F60D8200F3F9C3 /* FacebookUITestsLaunchTests.swift */ = {isa = PBXFileReference; lastKnownFileType = sourcecode.swift; path = FacebookUITestsLaunchTests.swift; sourceTree = "<group>"; };
/* End PBXFileReference section */

/* Begin PBXFrameworksBuildPhase section */
		FB4F1A2F28F60D8000F3F9C3 /* Frameworks */ = {
			isa = PBXFrameworksBuildPhase;
			buildActionMask = 2147483647;
			files = (
			);
			runOnlyForDeploymentPostprocessing = 0;
		};
		FB4F1A3F28F60D8200F3F9C3 /* Frameworks */ = {
			isa = PBXFrameworksBuildPhase;
			buildActionMask = 2147483647;
			files = (
			);
			runOnlyForDeploymentPostprocessing = 0;
		};
		FB4F1A4928F60D8200F3F9C3 /* Frameworks */ = {
			isa = PBXFrameworksBuildPhase;
			buildActionMask = 2147483647;
			files = (
			);
			runOnlyForDeploymentPostprocessing = 0;
		};
/* End PBXFrameworksBuildPhase section */

/* Begin PBXGroup section */
		FB4F1A2928F60D8000F3F9C3 = {
			isa = PBXGroup;
			children = (
				FB4F1A3428F60D8000F3F9C3 /* Facebook */,
				FB4F1A4528F60D8200F3F9C3 /* FacebookTests */,
				FB4F1A4F28F60D8200F3F9C3 /* FacebookUITests */,
				FB4F1A3328F60D8000F3F9C3 /* Products */,
			);
			sourceTree = "<group>";
		};
		FB4F1A3328F60D8000F3F9C3 /* Products */ = {
			isa = PBXGroup;
			children = (
				FB4F1A3228F60D8000F3F9C3 /* Facebook.app */,
				FB4F1A4228F60D8200F3F9C3 /* FacebookTests.xctest */,
				FB4F1A4C28F60D8200F3F9C3 /* FacebookUITests.xctest */,
			);
			name = Products;
			sourceTree = "<group>";
		};
		FB4F1A3428F60D8000F3F9C3 /* Facebook */ = {
			isa = PBXGroup;
			children = (
				FB4F1A3528F60D8000F3F9C3 /* FacebookApp.swift */,
				FB4F1A3728F60D8000F3F9C3 /* ContentView.swift */,
				FB4F1A3928F60D8100F3F9C3 /* Assets.xcassets */,
				FB4F1A3B28F60D8100F3F9C3 /* Preview Content */,
			);
			path = Facebook;
			sourceTree = "<group>";
		};
		FB4F1A3B28F60D8100F3F9C3 /* Preview Content */ = {
			isa = PBXGroup;
			children = (
				FB4F1A3C28F60D8100F3F9C3 /* Preview Assets.xcassets */,
			);
			path = "Preview Content";
			sourceTree = "<group>";
		};
		FB4F1A4528F60D8200F3F9C3 /* FacebookTests */ = {
			isa = PBXGroup;
			children = (
				FB4F1A4628F60D8200F3F9C3 /* FacebookTests.swift */,
			);
			path = FacebookTests;
			sourceTree = "<group>";
		};
		FB4F1A4F28F60D8200F3F9C3 /* FacebookUITests */ = {
			isa = PBXGroup;
			children = (
				FB4F1A5028F60D8200F3F9C3 /* FacebookUITests.swift */,
				FB4F1A5228F60D8200F3F9C3 /* FacebookUITestsLaunchTests.swift */,
			);
			path = FacebookUITests;
			sourceTree = "<group>";
		};
/* End PBXGroup section */

/* Begin PBXNativeTarget section */
		FB4F1A3128F60D8000F3F9C3 /* Facebook */ = {
			isa = PBXNativeTarget;
			buildConfigurationList = FB4F1A5628F60D8200F3F9C3 /* Build configuration list for PBXNativeTarget "Facebook" */;
			buildPhases = (
				FB4F1A2E28F60D8000F3F9C3 /* Sources */,
				FB4F1A2F28F60D8000F3F9C3 /* Frameworks */,
				FB4F1A3028F60D8000F3F9C3 /* Resources */,
			);
			buildRules = (
			);
			dependencies = (
			);
			name = Facebook;
			productName = Facebook;
			productReference = FB4F1A3228F60D8000F3F9C3 /* Facebook.app */;
			productType = "com.apple.product-type.application";
		};
		FB4F1A4128F60D8200F3F9C3 /* FacebookTests */ = {
			isa = PBXNativeTarget;
			buildConfigurationList = FB4F1A5928F60D8200F3F9C3 /* Build configuration list for PBXNativeTarget "FacebookTests" */;
			buildPhases = (
				FB4F1A3E28F60D8200F3F9C3 /* Sources */,
				FB4F1A3F28F60D8200F3F9C3 /* Frameworks */,
				FB4F1A4028F60D8200F3F9C3 /* Resources */,
			);
			buildRules = (
			);
			dependencies = (
				FB4F1A4428F60D8200F3F9C3 /* PBXTargetDependency */,
			);
			name = FacebookTests;
			productName = FacebookTests;
			productReference = FB4F1A4228F60D8200F3F9C3 /* FacebookTests.xctest */;
			productType = "com.apple.product-type.bundle.unit-test";
		};
		FB4F1A4B28F60D8200F3F9C3 /* FacebookUITests */ = {
			isa = PBXNativeTarget;
			buildConfigurationList = FB4F1A5C28F60D8200F3F9C3 /* Build configuration list for PBXNativeTarget "FacebookUITests" */;
			buildPhases = (
				FB4F1A4828F60D8200F3F9C3 /* Sources */,
				FB4F1A4928F60D8200F3F9C3 /* Frameworks */,
				FB4F1A4A28F60D8200F3F9C3 /* Resources */,
			);
			buildRules = (
			);
			dependencies = (
				FB4F1A4E28F60D8200F3F9C3 /* PBXTargetDependency */,
			);
			name = FacebookUITests;
			productName = FacebookUITests;
			productReference = FB4F1A4C28F60D8200F3F9C3 /* FacebookUITests.xctest */;
			productType = "com.apple.product-type.bundle.ui-testing";
		};
/* End PBXNativeTarget section */

/* Begin PBXProject section */
		FB4F1A2A28F60D8000F3F9C3 /* Project object */ = {
			isa = PBXProject;
			attributes = {
				BuildIndependentTargetsInParallel = 1;
				LastSwiftUpdateCheck = 1400;
				LastUpgradeCheck = 1400;
				TargetAttributes = {
					FB4F1A3128F60D8000F3F9C3 = {
						CreatedOnToolsVersion = 14.0.1;
					};
					FB4F1A4128F60D8200F3F9C3 = {
						CreatedOnToolsVersion = 14.0.1;
						TestTargetID = FB4F1A3128F60D8000F3F9C3;
					};
					FB4F1A4B28F60D8200F3F9C3 = {
						CreatedOnToolsVersion = 14.0.1;
						TestTargetID = FB4F1A3128F60D8000F3F9C3;
					};
				};
			};
			buildConfigurationList = FB4F1A2D28F60D8000F3F9C3 /* Build configuration list for PBXProject "Facebook" */;
			compatibilityVersion = "Xcode 14.0";
			developmentRegion = en;
			hasScannedForEncodings = 0;
			knownRegions = (
				en,
				Base,
			);
			mainGroup = FB4F1A2928F60D8000F3F9C3;
			productRefGroup = FB4F1A3328F60D8000F3F9C3 /* Products */;
			projectDirPath = "";
			projectRoot = "";
			targets = (
				FB4F1A3128F60D8000F3F9C3 /* Facebook */,
				FB4F1A4128F60D8200F3F9C3 /* FacebookTests */,
				FB4F1A4B28F60D8200F3F9C3 /* FacebookUITests */,
			);
		};
/* End PBXProject section */

/* Begin PBXResourcesBuildPhase section */
		FB4F1A3028F60D8000F3F9C3 /* Resources */ = {
			isa = PBXResourcesBuildPhase;
			buildActionMask = 2147483647;
			files = (
				FB4F1A3D28F60D8100F3F9C3 /* Preview Assets.xcassets in Resources */,
				FB4F1A3A28F60D8100F3F9C3 /* Assets.xcassets in Resources */,
			);
			runOnlyForDeploymentPostprocessing = 0;
		};
		FB4F1A4028F60D8200F3F9C3 /* Resources */ = {
			isa = PBXResourcesBuildPhase;
			buildActionMask = 2147483647;
			files = (
			);
			runOnlyForDeploymentPostprocessing = 0;
		};
		FB4F1A4A28F60D8200F3F9C3 /* Resources */ = {
			isa = PBXResourcesBuildPhase;
			buildActionMask = 2147483647;
			files = (
			);
			runOnlyForDeploymentPostprocessing = 0;
		};
/* End PBXResourcesBuildPhase section */

/* Begin PBXSourcesBuildPhase section */
		FB4F1A2E28F60D8000F3F9C3 /* Sources */ = {
			isa = PBXSourcesBuildPhase;
			buildActionMask = 2147483647;
			files = (
				FB4F1A3828F60D8000F3F9C3 /* ContentView.swift in Sources */,
				FB4F1A3628F60D8000F3F9C3 /* FacebookApp.swift in Sources */,
			);
			runOnlyForDeploymentPostprocessing = 0;
		};
		FB4F1A3E28F60D8200F3F9C3 /* Sources */ = {
			isa = PBXSourcesBuildPhase;
			buildActionMask = 2147483647;
			files = (
				FB4F1A4728F60D8200F3F9C3 /* FacebookTests.swift in Sources */,
			);
			runOnlyForDeploymentPostprocessing = 0;
		};
		FB4F1A4828F60D8200F3F9C3 /* Sources */ = {
			isa = PBXSourcesBuildPhase;
			buildActionMask = 2147483647;
			files = (
				FB4F1A5328F60D8200F3F9C3 /* FacebookUITestsLaunchTests.swift in Sources */,
				FB4F1A5128F60D8200F3F9C3 /* FacebookUITests.swift in Sources */,
			);
			runOnlyForDeploymentPostprocessing = 0;
		};
/* End PBXSourcesBuildPhase section */

/* Begin PBXTargetDependency section */
		FB4F1A4428F60D8200F3F9C3 /* PBXTargetDependency */ = {
			isa = PBXTargetDependency;
			target = FB4F1A3128F60D8000F3F9C3 /* Facebook */;
			targetProxy = FB4F1A4328F60D8200F3F9C3 /* PBXContainerItemProxy */;
		};
		FB4F1A4E28F60D8200F3F9C3 /* PBXTargetDependency */ = {
			isa = PBXTargetDependency;
			target = FB4F1A3128F60D8000F3F9C3 /* Facebook */;
			targetProxy = FB4F1A4D28F60D8200F3F9C3 /* PBXContainerItemProxy */;
		};
/* End PBXTargetDependency section */

/* Begin XCBuildConfiguration section */
		FB4F1A5428F60D8200F3F9C3 /* Debug */ = {
			isa = XCBuildConfiguration;
			buildSettings = {
				ALWAYS_SEARCH_USER_PATHS = NO;
				CLANG_ANALYZER_NONNULL = YES;
				CLANG_ANALYZER_NUMBER_OBJECT_CONVERSION = YES_AGGRESSIVE;
				CLANG_CXX_LANGUAGE_STANDARD = "gnu++20";
				CLANG_ENABLE_MODULES = YES;
				CLANG_ENABLE_OBJC_ARC = YES;
				CLANG_ENABLE_OBJC_WEAK = YES;
				CLANG_WARN_BLOCK_CAPTURE_AUTORELEASING = YES;
				CLANG_WARN_BOOL_CONVERSION = YES;
				CLANG_WARN_COMMA = YES;
				CLANG_WARN_CONSTANT_CONVERSION = YES;
				CLANG_WARN_DEPRECATED_OBJC_IMPLEMENTATIONS = YES;
				CLANG_WARN_DIRECT_OBJC_ISA_USAGE = YES_ERROR;
				CLANG_WARN_DOCUMENTATION_COMMENTS = YES;
				CLANG_WARN_EMPTY_BODY = YES;
				CLANG_WARN_ENUM_CONVERSION = YES;
				CLANG_WARN_INFINITE_RECURSION = YES;
				CLANG_WARN_INT_CONVERSION = YES;
				CLANG_WARN_NON_LITERAL_NULL_CONVERSION = YES;
				CLANG_WARN_OBJC_IMPLICIT_RETAIN_SELF = YES;
				CLANG_WARN_OBJC_LITERAL_CONVERSION = YES;
				CLANG_WARN_OBJC_ROOT_CLASS = YES_ERROR;
				CLANG_WARN_QUOTED_INCLUDE_IN_FRAMEWORK_HEADER = YES;
				CLANG_WARN_RANGE_LOOP_ANALYSIS = YES;
				CLANG_WARN_STRICT_PROTOTYPES = YES;
				CLANG_WARN_SUSPICIOUS_MOVE = YES;
				CLANG_WARN_UNGUARDED_AVAILABILITY = YES_AGGRESSIVE;
				CLANG_WARN_UNREACHABLE_CODE = YES;
				CLANG_WARN__DUPLICATE_METHOD_MATCH = YES;
				COPY_PHASE_STRIP = NO;
				DEBUG_INFORMATION_FORMAT = dwarf;
				ENABLE_STRICT_OBJC_MSGSEND = YES;
				ENABLE_TESTABILITY = YES;
				GCC_C_LANGUAGE_STANDARD = gnu11;
				GCC_DYNAMIC_NO_PIC = NO;
				GCC_NO_COMMON_BLOCKS = YES;
				GCC_OPTIMIZATION_LEVEL = 0;
				GCC_PREPROCESSOR_DEFINITIONS = (
					"DEBUG=1",
					"$(inherited)",
				);
				GCC_WARN_64_TO_32_BIT_CONVERSION = YES;
				GCC_WARN_ABOUT_RETURN_TYPE = YES_ERROR;
				GCC_WARN_UNDECLARED_SELECTOR = YES;
				GCC_WARN_UNINITIALIZED_AUTOS = YES_AGGRESSIVE;
				GCC_WARN_UNUSED_FUNCTION = YES;
				GCC_WARN_UNUSED_VARIABLE = YES;
				IPHONEOS_DEPLOYMENT_TARGET = 16.0;
				MTL_ENABLE_DEBUG_INFO = INCLUDE_SOURCE;
				MTL_FAST_MATH = YES;
				ONLY_ACTIVE_ARCH = YES;
				SDKROOT = iphoneos;
				SWIFT_ACTIVE_COMPILATION_CONDITIONS = DEBUG;
				SWIFT_OPTIMIZATION_LEVEL = "-Onone";
			};
			name = Debug;
		};
		FB4F1A5528F60D8200F3F9C3 /* Release */ = {
			isa = XCBuildConfiguration;
			buildSettings = {
				ALWAYS_SEARCH_USER_PATHS = NO;
				CLANG_ANALYZER_NONNULL = YES;
				CLANG_ANALYZER_NUMBER_OBJECT_CONVERSION = YES_AGGRESSIVE;
				CLANG_CXX_LANGUAGE_STANDARD = "gnu++20";
				CLANG_ENABLE_MODULES = YES;
				CLANG_ENABLE_OBJC_ARC = YES;
				CLANG_ENABLE_OBJC_WEAK = YES;
				CLANG_WARN_BLOCK_CAPTURE_AUTORELEASING = YES;
				CLANG_WARN_BOOL_CONVERSION = YES;
				CLANG_WARN_COMMA = YES;
				CLANG_WARN_CONSTANT_CONVERSION = YES;
				CLANG_WARN_DEPRECATED_OBJC_IMPLEMENTATIONS = YES;
				CLANG_WARN_DIRECT_OBJC_ISA_USAGE = YES_ERROR;
				CLANG_WARN_DOCUMENTATION_COMMENTS = YES;
				CLANG_WARN_EMPTY_BODY = YES;
				CLANG_WARN_ENUM_CONVERSION = YES;
				CLANG_WARN_INFINITE_RECURSION = YES;
				CLANG_WARN_INT_CONVERSION = YES;
				CLANG_WARN_NON_LITERAL_NULL_CONVERSION = YES;
				CLANG_WARN_OBJC_IMPLICIT_RETAIN_SELF = YES;
				CLANG_WARN_OBJC_LITERAL_CONVERSION = YES;
				CLANG_WARN_OBJC_ROOT_CLASS = YES_ERROR;
				CLANG_WARN_QUOTED_INCLUDE_IN_FRAMEWORK_HEADER = YES;
				CLANG_WARN_RANGE_LOOP_ANALYSIS = YES;
				CLANG_WARN_STRICT_PROTOTYPES = YES;
				CLANG_WARN_SUSPICIOUS_MOVE = YES;
				CLANG_WARN_UNGUARDED_AVAILABILITY = YES_AGGRESSIVE;
				CLANG_WARN_UNREACHABLE_CODE = YES;
				CLANG_WARN__DUPLICATE_METHOD_MATCH = YES;
				COPY_PHASE_STRIP = NO;
				DEBUG_INFORMATION_FORMAT = "dwarf-with-dsym";
				ENABLE_NS_ASSERTIONS = NO;
				ENABLE_STRICT_OBJC_MSGSEND = YES;
				GCC_C_LANGUAGE_STANDARD = gnu11;
				GCC_NO_COMMON_BLOCKS = YES;
				GCC_WARN_64_TO_32_BIT_CONVERSION = YES;
				GCC_WARN_ABOUT_RETURN_TYPE = YES_ERROR;
				GCC_WARN_UNDECLARED_SELECTOR = YES;
				GCC_WARN_UNINITIALIZED_AUTOS = YES_AGGRESSIVE;
				GCC_WARN_UNUSED_FUNCTION = YES;
				GCC_WARN_UNUSED_VARIABLE = YES;
				IPHONEOS_DEPLOYMENT_TARGET = 16.0;
				MTL_ENABLE_DEBUG_INFO = NO;
				MTL_FAST_MATH = YES;
				SDKROOT = iphoneos;
				SWIFT_COMPILATION_MODE = wholemodule;
				SWIFT_OPTIMIZATION_LEVEL = "-O";
				VALIDATE_PRODUCT = YES;
			};
			name = Release;
		};
		FB4F1A5728F60D8200F3F9C3 /* Debug */ = {
			isa = XCBuildConfiguration;
			buildSettings = {
				ASSETCATALOG_COMPILER_APPICON_NAME = AppIcon;
				ASSETCATALOG_COMPILER_GLOBAL_ACCENT_COLOR_NAME = AccentColor;
				CODE_SIGN_STYLE = Automatic;
				CURRENT_PROJECT_VERSION = 1;
				DEVELOPMENT_ASSET_PATHS = "\"Facebook/Preview Content\"";
				DEVELOPMENT_TEAM = 27CB9ZMPF6;
				ENABLE_PREVIEWS = YES;
				GENERATE_INFOPLIST_FILE = YES;
				INFOPLIST_KEY_UIApplicationSceneManifest_Generation = YES;
				INFOPLIST_KEY_UIApplicationSupportsIndirectInputEvents = YES;
				INFOPLIST_KEY_UILaunchScreen_Generation = YES;
				INFOPLIST_KEY_UISupportedInterfaceOrientations_iPad = "UIInterfaceOrientationPortrait UIInterfaceOrientationPortraitUpsideDown UIInterfaceOrientationLandscapeLeft UIInterfaceOrientationLandscapeRight";
				INFOPLIST_KEY_UISupportedInterfaceOrientations_iPhone = "UIInterfaceOrientationPortrait UIInterfaceOrientationLandscapeLeft UIInterfaceOrientationLandscapeRight";
				LD_RUNPATH_SEARCH_PATHS = (
					"$(inherited)",
					"@executable_path/Frameworks",
				);
				MARKETING_VERSION = 1.0;
				PRODUCT_BUNDLE_IDENTIFIER = "jsendejo1-mail.sfsu.edu.Facebook";
				PRODUCT_NAME = "$(TARGET_NAME)";
				SWIFT_EMIT_LOC_STRINGS = YES;
				SWIFT_VERSION = 5.0;
				TARGETED_DEVICE_FAMILY = "1,2";
			};
			name = Debug;
		};
		FB4F1A5828F60D8200F3F9C3 /* Release */ = {
			isa = XCBuildConfiguration;
			buildSettings = {
				ASSETCATALOG_COMPILER_APPICON_NAME = AppIcon;
				ASSETCATALOG_COMPILER_GLOBAL_ACCENT_COLOR_NAME = AccentColor;
				CODE_SIGN_STYLE = Automatic;
				CURRENT_PROJECT_VERSION = 1;
				DEVELOPMENT_ASSET_PATHS = "\"Facebook/Preview Content\"";
				DEVELOPMENT_TEAM = 27CB9ZMPF6;
				ENABLE_PREVIEWS = YES;
				GENERATE_INFOPLIST_FILE = YES;
				INFOPLIST_KEY_UIApplicationSceneManifest_Generation = YES;
				INFOPLIST_KEY_UIApplicationSupportsIndirectInputEvents = YES;
				INFOPLIST_KEY_UILaunchScreen_Generation = YES;
				INFOPLIST_KEY_UISupportedInterfaceOrientations_iPad = "UIInterfaceOrientationPortrait UIInterfaceOrientationPortraitUpsideDown UIInterfaceOrientationLandscapeLeft UIInterfaceOrientationLandscapeRight";
				INFOPLIST_KEY_UISupportedInterfaceOrientations_iPhone = "UIInterfaceOrientationPortrait UIInterfaceOrientationLandscapeLeft UIInterfaceOrientationLandscapeRight";
				LD_RUNPATH_SEARCH_PATHS = (
					"$(inherited)",
					"@executable_path/Frameworks",
				);
				MARKETING_VERSION = 1.0;
				PRODUCT_BUNDLE_IDENTIFIER = "jsendejo1-mail.sfsu.edu.Facebook";
				PRODUCT_NAME = "$(TARGET_NAME)";
				SWIFT_EMIT_LOC_STRINGS = YES;
				SWIFT_VERSION = 5.0;
				TARGETED_DEVICE_FAMILY = "1,2";
			};
			name = Release;
		};
		FB4F1A5A28F60D8200F3F9C3 /* Debug */ = {
			isa = XCBuildConfiguration;
			buildSettings = {
				ALWAYS_EMBED_SWIFT_STANDARD_LIBRARIES = YES;
				BUNDLE_LOADER = "$(TEST_HOST)";
				CODE_SIGN_STYLE = Automatic;
				CURRENT_PROJECT_VERSION = 1;
				DEVELOPMENT_TEAM = 27CB9ZMPF6;
				GENERATE_INFOPLIST_FILE = YES;
				IPHONEOS_DEPLOYMENT_TARGET = 16.0;
				MARKETING_VERSION = 1.0;
				PRODUCT_BUNDLE_IDENTIFIER = "jsendejo1-mail.sfsu.edu.FacebookTests";
				PRODUCT_NAME = "$(TARGET_NAME)";
				SWIFT_EMIT_LOC_STRINGS = NO;
				SWIFT_VERSION = 5.0;
				TARGETED_DEVICE_FAMILY = "1,2";
				TEST_HOST = "$(BUILT_PRODUCTS_DIR)/Facebook.app/$(BUNDLE_EXECUTABLE_FOLDER_PATH)/Facebook";
			};
			name = Debug;
		};
		FB4F1A5B28F60D8200F3F9C3 /* Release */ = {
			isa = XCBuildConfiguration;
			buildSettings = {
				ALWAYS_EMBED_SWIFT_STANDARD_LIBRARIES = YES;
				BUNDLE_LOADER = "$(TEST_HOST)";
				CODE_SIGN_STYLE = Automatic;
				CURRENT_PROJECT_VERSION = 1;
				DEVELOPMENT_TEAM = 27CB9ZMPF6;
				GENERATE_INFOPLIST_FILE = YES;
				IPHONEOS_DEPLOYMENT_TARGET = 16.0;
				MARKETING_VERSION = 1.0;
				PRODUCT_BUNDLE_IDENTIFIER = "jsendejo1-mail.sfsu.edu.FacebookTests";
				PRODUCT_NAME = "$(TARGET_NAME)";
				SWIFT_EMIT_LOC_STRINGS = NO;
				SWIFT_VERSION = 5.0;
				TARGETED_DEVICE_FAMILY = "1,2";
				TEST_HOST = "$(BUILT_PRODUCTS_DIR)/Facebook.app/$(BUNDLE_EXECUTABLE_FOLDER_PATH)/Facebook";
			};
			name = Release;
		};
		FB4F1A5D28F60D8200F3F9C3 /* Debug */ = {
			isa = XCBuildConfiguration;
			buildSettings = {
				ALWAYS_EMBED_SWIFT_STANDARD_LIBRARIES = YES;
				CODE_SIGN_STYLE = Automatic;
				CURRENT_PROJECT_VERSION = 1;
				DEVELOPMENT_TEAM = 27CB9ZMPF6;
				GENERATE_INFOPLIST_FILE = YES;
				MARKETING_VERSION = 1.0;
				PRODUCT_BUNDLE_IDENTIFIER = "jsendejo1-mail.sfsu.edu.FacebookUITests";
				PRODUCT_NAME = "$(TARGET_NAME)";
				SWIFT_EMIT_LOC_STRINGS = NO;
				SWIFT_VERSION = 5.0;
				TARGETED_DEVICE_FAMILY = "1,2";
				TEST_TARGET_NAME = Facebook;
			};
			name = Debug;
		};
		FB4F1A5E28F60D8200F3F9C3 /* Release */ = {
			isa = XCBuildConfiguration;
			buildSettings = {
				ALWAYS_EMBED_SWIFT_STANDARD_LIBRARIES = YES;
				CODE_SIGN_STYLE = Automatic;
				CURRENT_PROJECT_VERSION = 1;
				DEVELOPMENT_TEAM = 27CB9ZMPF6;
				GENERATE_INFOPLIST_FILE = YES;
				MARKETING_VERSION = 1.0;
				PRODUCT_BUNDLE_IDENTIFIER = "jsendejo1-mail.sfsu.edu.FacebookUITests";
				PRODUCT_NAME = "$(TARGET_NAME)";
				SWIFT_EMIT_LOC_STRINGS = NO;
				SWIFT_VERSION = 5.0;
				TARGETED_DEVICE_FAMILY = "1,2";
				TEST_TARGET_NAME = Facebook;
			};
			name = Release;
		};
/* End XCBuildConfiguration section */

/* Begin XCConfigurationList section */
		FB4F1A2D28F60D8000F3F9C3 /* Build configuration list for PBXProject "Facebook" */ = {
			isa = XCConfigurationList;
			buildConfigurations = (
				FB4F1A5428F60D8200F3F9C3 /* Debug */,
				FB4F1A5528F60D8200F3F9C3 /* Release */,
			);
			defaultConfigurationIsVisible = 0;
			defaultConfigurationName = Release;
		};
		FB4F1A5628F60D8200F3F9C3 /* Build configuration list for PBXNativeTarget "Facebook" */ = {
			isa = XCConfigurationList;
			buildConfigurations = (
				FB4F1A5728F60D8200F3F9C3 /* Debug */,
				FB4F1A5828F60D8200F3F9C3 /* Release */,
			);
			defaultConfigurationIsVisible = 0;
			defaultConfigurationName = Release;
		};
		FB4F1A5928F60D8200F3F9C3 /* Build configuration list for PBXNativeTarget "FacebookTests" */ = {
			isa = XCConfigurationList;
			buildConfigurations = (
				FB4F1A5A28F60D8200F3F9C3 /* Debug */,
				FB4F1A5B28F60D8200F3F9C3 /* Release */,
			);
			defaultConfigurationIsVisible = 0;
			defaultConfigurationName = Release;
		};
		FB4F1A5C28F60D8200F3F9C3 /* Build configuration list for PBXNativeTarget "FacebookUITests" */ = {
			isa = XCConfigurationList;
			buildConfigurations = (
				FB4F1A5D28F60D8200F3F9C3 /* Debug */,
				FB4F1A5E28F60D8200F3F9C3 /* Release */,
			);
			defaultConfigurationIsVisible = 0;
			defaultConfigurationName = Release;
		};
/* End XCConfigurationList section */
	};
	rootObject = FB4F1A2A28F60D8000F3F9C3 /* Project object */;
}
